
Microsoft Visual Studio Solution File, Format Version 12.00
# Visual Studio Version 17
VisualStudioVersion = 17.9.34622.214
MinimumVisualStudioVersion = 10.0.40219.1
Project("{FAE04EC0-301F-11D3-BF4B-00C04F79EFBC}") = "SalesWebMvc", "SalesWebMvc.csproj", "{2DC5A266-4238-45BF-9D79-222F8164E09C}"
EndProject
Global
	GlobalSection(SolutionConfigurationPlatforms) = preSolution
		Debug|Any CPU = Debug|Any CPU
		Release|Any CPU = Release|Any CPU
	EndGlobalSection
	GlobalSection(ProjectConfigurationPlatforms) = postSolution
		{2DC5A266-4238-45BF-9D79-222F8164E09C}.Debug|Any CPU.ActiveCfg = Debug|Any CPU
		{2DC5A266-4238-45BF-9D79-222F8164E09C}.Debug|Any CPU.Build.0 = Debug|Any CPU
		{2DC5A266-4238-45BF-9D79-222F8164E09C}.Release|Any CPU.ActiveCfg = Release|Any CPU
		{2DC5A266-4238-45BF-9D79-222F8164E09C}.Release|Any CPU.Build.0 = Release|Any CPU
	EndGlobalSection
	GlobalSection(SolutionProperties) = preSolution
		HideSolutionNode = FALSE
	EndGlobalSection
	GlobalSection(ExtensibilityGlobals) = postSolution
		SolutionGuid = {B2E7C24E-52C7-4586-9D68-6020C865A5A0}
	EndGlobalSection
EndGlobal
